
Microsoft Visual Studio Solution File, Format Version 12.00
# Visual Studio Version 17
VisualStudioVersion = 17.8.34525.116
MinimumVisualStudioVersion = 10.0.40219.1
Project("{888888A0-9F3D-457C-B088-3A5042F75D52}") = "chatRoom", "chatRoom\chatRoom.pyproj", "{169E4DB7-E1DA-4C02-B102-BA2251C4B996}"
EndProject
Global
	GlobalSection(SolutionConfigurationPlatforms) = preSolution
		Debug|Any CPU = Debug|Any CPU
		Release|Any CPU = Release|Any CPU
	EndGlobalSection
	GlobalSection(ProjectConfigurationPlatforms) = postSolution
		{169E4DB7-E1DA-4C02-B102-BA2251C4B996}.Debug|Any CPU.ActiveCfg = Debug|Any CPU
		{169E4DB7-E1DA-4C02-B102-BA2251C4B996}.Release|Any CPU.ActiveCfg = Release|Any CPU
	EndGlobalSection
	GlobalSection(SolutionProperties) = preSolution
		HideSolutionNode = FALSE
	EndGlobalSection
	GlobalSection(ExtensibilityGlobals) = postSolution
		SolutionGuid = {F7EA8409-220F-4DE6-868B-5CEAF71ECFDC}
	EndGlobalSection
EndGlobal
